
Microsoft Visual Studio Solution File, Format Version 12.00
# Visual Studio Version 17
VisualStudioVersion = 17.0.32112.339
MinimumVisualStudioVersion = 10.0.40219.1
Project("{9A19103F-16F7-4668-BE54-9A1E7A4F7556}") = "FormulaEvaluator", "FormulaEvaluator\FormulaEvaluator.csproj", "{95F7B602-D6FF-4EFC-824A-E37AE8AE5F8C}"
EndProject
Project("{9A19103F-16F7-4668-BE54-9A1E7A4F7556}") = "Test_The_Evaluator_Console_App", "Test_The_Evaluator_Console_App\Test_The_Evaluator_Console_App.csproj", "{26EDB8A8-85D0-4D7C-8B5F-BEEBA38C78A5}"
EndProject
Project("{2150E333-8FDC-42A3-9474-1A3956D46DE8}") = "Solution Items", "Solution Items", "{D57A839C-4213-4FD5-A0EB-CCBE886563FC}"
	ProjectSection(SolutionItems) = preProject
		README.txt = README.txt
	EndProjectSection
EndProject
Project("{9A19103F-16F7-4668-BE54-9A1E7A4F7556}") = "DependencyGraph", "DependencyGraph\DependencyGraph.csproj", "{8E6FAF15-4657-4F32-A4EC-5B23B59F294A}"
EndProject
Project("{9A19103F-16F7-4668-BE54-9A1E7A4F7556}") = "DependencyGraphTests", "DependencyGraphTests\DependencyGraphTests.csproj", "{B9EB6BD7-7206-4DA6-B560-CB7F7F741F65}"
EndProject
Project("{9A19103F-16F7-4668-BE54-9A1E7A4F7556}") = "PS1GradingTests", "PS1GradingTests\PS1GradingTests.csproj", "{CF80DBAF-C836-49BE-88CB-51D9CB78E177}"
EndProject
Project("{9A19103F-16F7-4668-BE54-9A1E7A4F7556}") = "Formula", "Formula\Formula.csproj", "{0DC8B4F8-9E1C-4EE0-99E2-26CF1A749E43}"
EndProject
Project("{9A19103F-16F7-4668-BE54-9A1E7A4F7556}") = "FormulaTests", "FormulaTests\FormulaTests.csproj", "{7CDA2CDE-1557-4F5B-8EEE-4C9527ACB2A8}"
EndProject
Project("{9A19103F-16F7-4668-BE54-9A1E7A4F7556}") = "Spreadsheet", "Spreadsheet\Spreadsheet.csproj", "{DBE3618D-8E43-4116-9801-4BDA29455FA8}"
EndProject
Project("{9A19103F-16F7-4668-BE54-9A1E7A4F7556}") = "RandomStuff", "RandomStuff\RandomStuff.csproj", "{A263C847-D00C-43C3-AB8D-47834CBAEB9D}"
EndProject
Project("{9A19103F-16F7-4668-BE54-9A1E7A4F7556}") = "SpreadsheetTests", "SpreadsheetTests\SpreadsheetTests.csproj", "{34E19858-F049-466E-83B4-F5E622036770}"
EndProject
Project("{9A19103F-16F7-4668-BE54-9A1E7A4F7556}") = "PS5GradingTests", "PS5GradingTests\PS5GradingTests.csproj", "{6F42E8B1-2378-405F-9DD2-7B7B4D3D3175}"
EndProject
Project("{9A19103F-16F7-4668-BE54-9A1E7A4F7556}") = "SpreadsheetGridWidget", "..\..\ForStudents\Examples\Spreadsheet_GUI_Example\SpreadsheetGridWidget\SpreadsheetGridWidget.csproj", "{EC2D9FC5-7413-4E9A-B8C6-FA2EA29189EE}"
EndProject
Project("{FAE04EC0-301F-11D3-BF4B-00C04F79EFBC}") = "GUI", "GUI\GUI.csproj", "{21F77AE1-BC93-4A5C-90A5-26C03BE58397}"
EndProject
Global
	GlobalSection(SolutionConfigurationPlatforms) = preSolution
		Debug|Any CPU = Debug|Any CPU
		Release|Any CPU = Release|Any CPU
	EndGlobalSection
	GlobalSection(ProjectConfigurationPlatforms) = postSolution
		{95F7B602-D6FF-4EFC-824A-E37AE8AE5F8C}.Debug|Any CPU.ActiveCfg = Debug|Any CPU
		{95F7B602-D6FF-4EFC-824A-E37AE8AE5F8C}.Debug|Any CPU.Build.0 = Debug|Any CPU
		{95F7B602-D6FF-4EFC-824A-E37AE8AE5F8C}.Release|Any CPU.ActiveCfg = Release|Any CPU
		{95F7B602-D6FF-4EFC-824A-E37AE8AE5F8C}.Release|Any CPU.Build.0 = Release|Any CPU
		{26EDB8A8-85D0-4D7C-8B5F-BEEBA38C78A5}.Debug|Any CPU.ActiveCfg = Debug|Any CPU
		{26EDB8A8-85D0-4D7C-8B5F-BEEBA38C78A5}.Debug|Any CPU.Build.0 = Debug|Any CPU
		{26EDB8A8-85D0-4D7C-8B5F-BEEBA38C78A5}.Release|Any CPU.ActiveCfg = Release|Any CPU
		{26EDB8A8-85D0-4D7C-8B5F-BEEBA38C78A5}.Release|Any CPU.Build.0 = Release|Any CPU
		{8E6FAF15-4657-4F32-A4EC-5B23B59F294A}.Debug|Any CPU.ActiveCfg = Debug|Any CPU
		{8E6FAF15-4657-4F32-A4EC-5B23B59F294A}.Debug|Any CPU.Build.0 = Debug|Any CPU
		{8E6FAF15-4657-4F32-A4EC-5B23B59F294A}.Release|Any CPU.ActiveCfg = Release|Any CPU
		{8E6FAF15-4657-4F32-A4EC-5B23B59F294A}.Release|Any CPU.Build.0 = Release|Any CPU
		{B9EB6BD7-7206-4DA6-B560-CB7F7F741F65}.Debug|Any CPU.ActiveCfg = Debug|Any CPU
		{B9EB6BD7-7206-4DA6-B560-CB7F7F741F65}.Debug|Any CPU.Build.0 = Debug|Any CPU
		{B9EB6BD7-7206-4DA6-B560-CB7F7F741F65}.Release|Any CPU.ActiveCfg = Release|Any CPU
		{B9EB6BD7-7206-4DA6-B560-CB7F7F741F65}.Release|Any CPU.Build.0 = Release|Any CPU
		{CF80DBAF-C836-49BE-88CB-51D9CB78E177}.Debug|Any CPU.ActiveCfg = Debug|Any CPU
		{CF80DBAF-C836-49BE-88CB-51D9CB78E177}.Debug|Any CPU.Build.0 = Debug|Any CPU
		{CF80DBAF-C836-49BE-88CB-51D9CB78E177}.Release|Any CPU.ActiveCfg = Release|Any CPU
		{CF80DBAF-C836-49BE-88CB-51D9CB78E177}.Release|Any CPU.Build.0 = Release|Any CPU
		{0DC8B4F8-9E1C-4EE0-99E2-26CF1A749E43}.Debug|Any CPU.ActiveCfg = Debug|Any CPU
		{0DC8B4F8-9E1C-4EE0-99E2-26CF1A749E43}.Debug|Any CPU.Build.0 = Debug|Any CPU
		{0DC8B4F8-9E1C-4EE0-99E2-26CF1A749E43}.Release|Any CPU.ActiveCfg = Release|Any CPU
		{0DC8B4F8-9E1C-4EE0-99E2-26CF1A749E43}.Release|Any CPU.Build.0 = Release|Any CPU
		{7CDA2CDE-1557-4F5B-8EEE-4C9527ACB2A8}.Debug|Any CPU.ActiveCfg = Debug|Any CPU
		{7CDA2CDE-1557-4F5B-8EEE-4C9527ACB2A8}.Debug|Any CPU.Build.0 = Debug|Any CPU
		{7CDA2CDE-1557-4F5B-8EEE-4C9527ACB2A8}.Release|Any CPU.ActiveCfg = Release|Any CPU
		{7CDA2CDE-1557-4F5B-8EEE-4C9527ACB2A8}.Release|Any CPU.Build.0 = Release|Any CPU
		{DBE3618D-8E43-4116-9801-4BDA29455FA8}.Debug|Any CPU.ActiveCfg = Debug|Any CPU
		{DBE3618D-8E43-4116-9801-4BDA29455FA8}.Debug|Any CPU.Build.0 = Debug|Any CPU
		{DBE3618D-8E43-4116-9801-4BDA29455FA8}.Release|Any CPU.ActiveCfg = Release|Any CPU
		{DBE3618D-8E43-4116-9801-4BDA29455FA8}.Release|Any CPU.Build.0 = Release|Any CPU
		{A263C847-D00C-43C3-AB8D-47834CBAEB9D}.Debug|Any CPU.ActiveCfg = Debug|Any CPU
		{A263C847-D00C-43C3-AB8D-47834CBAEB9D}.Debug|Any CPU.Build.0 = Debug|Any CPU
		{A263C847-D00C-43C3-AB8D-47834CBAEB9D}.Release|Any CPU.ActiveCfg = Release|Any CPU
		{A263C847-D00C-43C3-AB8D-47834CBAEB9D}.Release|Any CPU.Build.0 = Release|Any CPU
		{34E19858-F049-466E-83B4-F5E622036770}.Debug|Any CPU.ActiveCfg = Debug|Any CPU
		{34E19858-F049-466E-83B4-F5E622036770}.Debug|Any CPU.Build.0 = Debug|Any CPU
		{34E19858-F049-466E-83B4-F5E622036770}.Release|Any CPU.ActiveCfg = Release|Any CPU
		{34E19858-F049-466E-83B4-F5E622036770}.Release|Any CPU.Build.0 = Release|Any CPU
		{6F42E8B1-2378-405F-9DD2-7B7B4D3D3175}.Debug|Any CPU.ActiveCfg = Debug|Any CPU
		{6F42E8B1-2378-405F-9DD2-7B7B4D3D3175}.Debug|Any CPU.Build.0 = Debug|Any CPU
		{6F42E8B1-2378-405F-9DD2-7B7B4D3D3175}.Release|Any CPU.ActiveCfg = Release|Any CPU
		{6F42E8B1-2378-405F-9DD2-7B7B4D3D3175}.Release|Any CPU.Build.0 = Release|Any CPU
		{EC2D9FC5-7413-4E9A-B8C6-FA2EA29189EE}.Debug|Any CPU.ActiveCfg = Debug|Any CPU
		{EC2D9FC5-7413-4E9A-B8C6-FA2EA29189EE}.Debug|Any CPU.Build.0 = Debug|Any CPU
		{EC2D9FC5-7413-4E9A-B8C6-FA2EA29189EE}.Release|Any CPU.ActiveCfg = Release|Any CPU
		{EC2D9FC5-7413-4E9A-B8C6-FA2EA29189EE}.Release|Any CPU.Build.0 = Release|Any CPU
		{21F77AE1-BC93-4A5C-90A5-26C03BE58397}.Debug|Any CPU.ActiveCfg = Debug|Any CPU
		{21F77AE1-BC93-4A5C-90A5-26C03BE58397}.Debug|Any CPU.Build.0 = Debug|Any CPU
		{21F77AE1-BC93-4A5C-90A5-26C03BE58397}.Release|Any CPU.ActiveCfg = Release|Any CPU
		{21F77AE1-BC93-4A5C-90A5-26C03BE58397}.Release|Any CPU.Build.0 = Release|Any CPU
	EndGlobalSection
	GlobalSection(SolutionProperties) = preSolution
		HideSolutionNode = FALSE
	EndGlobalSection
	GlobalSection(ExtensibilityGlobals) = postSolution
		SolutionGuid = {2C1875B6-0D9E-46EA-B07C-7E76D67BFCF1}
	EndGlobalSection
EndGlobal
